
Microsoft Visual Studio Solution File, Format Version 12.00
# Visual Studio 15
VisualStudioVersion = 15.0.27130.2036
MinimumVisualStudioVersion = 10.0.40219.1
Project("{FAE04EC0-301F-11D3-BF4B-00C04F79EFBC}") = "SIS-projekt", "SIS-projekt\SIS-projekt.csproj", "{5324C543-62B5-4CDD-8D0F-6B192BB2A2B3}"
EndProject
Global
	GlobalSection(SolutionConfigurationPlatforms) = preSolution
		Debug|Any CPU = Debug|Any CPU
		Release|Any CPU = Release|Any CPU
	EndGlobalSection
	GlobalSection(ProjectConfigurationPlatforms) = postSolution
		{5324C543-62B5-4CDD-8D0F-6B192BB2A2B3}.Debug|Any CPU.ActiveCfg = Debug|Any CPU
		{5324C543-62B5-4CDD-8D0F-6B192BB2A2B3}.Debug|Any CPU.Build.0 = Debug|Any CPU
		{5324C543-62B5-4CDD-8D0F-6B192BB2A2B3}.Release|Any CPU.ActiveCfg = Release|Any CPU
		{5324C543-62B5-4CDD-8D0F-6B192BB2A2B3}.Release|Any CPU.Build.0 = Release|Any CPU
	EndGlobalSection
	GlobalSection(SolutionProperties) = preSolution
		HideSolutionNode = FALSE
	EndGlobalSection
	GlobalSection(ExtensibilityGlobals) = postSolution
		SolutionGuid = {B19003E8-979B-45C0-82EB-2516CDF1A09F}
	EndGlobalSection
EndGlobal
